
Microsoft Visual Studio Solution File, Format Version 12.00
# Visual Studio Version 17
VisualStudioVersion = 17.8.34316.72
MinimumVisualStudioVersion = 10.0.40219.1
Project("{2150E333-8FDC-42A3-9474-1A3956D46DE8}") = "Solution Items", "Solution Items", "{0BC7469E-B628-4FD8-A4A5-7DABFA701912}"
	ProjectSection(SolutionItems) = preProject
		..\..\Solution Items\.gitattributes = ..\..\Solution Items\.gitattributes
		..\..\Solution Items\.gitignore = ..\..\Solution Items\.gitignore
	EndProjectSection
EndProject
Project("{2150E333-8FDC-42A3-9474-1A3956D46DE8}") = "Tests", "Tests", "{6930B76A-5918-4AEC-88B2-B0D504C98B3D}"
EndProject
Project("{2150E333-8FDC-42A3-9474-1A3956D46DE8}") = "Src", "Src", "{7CAD429E-21C6-44C9-81AD-41C9D11242C8}"
EndProject
Project("{9A19103F-16F7-4668-BE54-9A1E7A4F7556}") = "TSR_Accoun_Application.Contracts", "Src\TSR_Accoun_Application.Contracts\TSR_Accoun_Application.Contracts.csproj", "{7FBDF76E-9A15-4FA2-AA1E-EF284B875CB8}"
EndProject
Project("{9A19103F-16F7-4668-BE54-9A1E7A4F7556}") = "TSR_Accoun_Domain", "Src\TSR_Accoun_Domain\TSR_Accoun_Domain.csproj", "{983D85BE-92A0-4B5B-A7BD-F30092877AD6}"
EndProject
Project("{9A19103F-16F7-4668-BE54-9A1E7A4F7556}") = "TSR_Accoun_Infrastructure", "Src\TSR_Accoun_Infrastructure\TSR_Accoun_Infrastructure.csproj", "{4B85A8D8-51F6-445C-9BAE-60E78EF02857}"
EndProject
Project("{9A19103F-16F7-4668-BE54-9A1E7A4F7556}") = "TSR_Accoun_Api", "Src\TSR_Accoun_Api\TSR_Accoun_Api.csproj", "{E4DA68A6-CBAF-4743-B754-F1E61028692E}"
EndProject
Project("{9A19103F-16F7-4668-BE54-9A1E7A4F7556}") = "TSR_Accoun_Application", "Src\TSR_Accoun_Application\TSR_Accoun_Application.csproj", "{B21E2B82-17C3-44E6-B271-5203A65DD088}"
EndProject
Global
	GlobalSection(SolutionConfigurationPlatforms) = preSolution
		Debug|Any CPU = Debug|Any CPU
		Release|Any CPU = Release|Any CPU
	EndGlobalSection
	GlobalSection(ProjectConfigurationPlatforms) = postSolution
		{7FBDF76E-9A15-4FA2-AA1E-EF284B875CB8}.Debug|Any CPU.ActiveCfg = Debug|Any CPU
		{7FBDF76E-9A15-4FA2-AA1E-EF284B875CB8}.Debug|Any CPU.Build.0 = Debug|Any CPU
		{7FBDF76E-9A15-4FA2-AA1E-EF284B875CB8}.Release|Any CPU.ActiveCfg = Release|Any CPU
		{7FBDF76E-9A15-4FA2-AA1E-EF284B875CB8}.Release|Any CPU.Build.0 = Release|Any CPU
		{983D85BE-92A0-4B5B-A7BD-F30092877AD6}.Debug|Any CPU.ActiveCfg = Debug|Any CPU
		{983D85BE-92A0-4B5B-A7BD-F30092877AD6}.Debug|Any CPU.Build.0 = Debug|Any CPU
		{983D85BE-92A0-4B5B-A7BD-F30092877AD6}.Release|Any CPU.ActiveCfg = Release|Any CPU
		{983D85BE-92A0-4B5B-A7BD-F30092877AD6}.Release|Any CPU.Build.0 = Release|Any CPU
		{4B85A8D8-51F6-445C-9BAE-60E78EF02857}.Debug|Any CPU.ActiveCfg = Debug|Any CPU
		{4B85A8D8-51F6-445C-9BAE-60E78EF02857}.Debug|Any CPU.Build.0 = Debug|Any CPU
		{4B85A8D8-51F6-445C-9BAE-60E78EF02857}.Release|Any CPU.ActiveCfg = Release|Any CPU
		{4B85A8D8-51F6-445C-9BAE-60E78EF02857}.Release|Any CPU.Build.0 = Release|Any CPU
		{E4DA68A6-CBAF-4743-B754-F1E61028692E}.Debug|Any CPU.ActiveCfg = Debug|Any CPU
		{E4DA68A6-CBAF-4743-B754-F1E61028692E}.Debug|Any CPU.Build.0 = Debug|Any CPU
		{E4DA68A6-CBAF-4743-B754-F1E61028692E}.Release|Any CPU.ActiveCfg = Release|Any CPU
		{E4DA68A6-CBAF-4743-B754-F1E61028692E}.Release|Any CPU.Build.0 = Release|Any CPU
		{B21E2B82-17C3-44E6-B271-5203A65DD088}.Debug|Any CPU.ActiveCfg = Debug|Any CPU
		{B21E2B82-17C3-44E6-B271-5203A65DD088}.Debug|Any CPU.Build.0 = Debug|Any CPU
		{B21E2B82-17C3-44E6-B271-5203A65DD088}.Release|Any CPU.ActiveCfg = Release|Any CPU
		{B21E2B82-17C3-44E6-B271-5203A65DD088}.Release|Any CPU.Build.0 = Release|Any CPU
	EndGlobalSection
	GlobalSection(SolutionProperties) = preSolution
		HideSolutionNode = FALSE
	EndGlobalSection
	GlobalSection(NestedProjects) = preSolution
		{7FBDF76E-9A15-4FA2-AA1E-EF284B875CB8} = {7CAD429E-21C6-44C9-81AD-41C9D11242C8}
		{983D85BE-92A0-4B5B-A7BD-F30092877AD6} = {7CAD429E-21C6-44C9-81AD-41C9D11242C8}
		{4B85A8D8-51F6-445C-9BAE-60E78EF02857} = {7CAD429E-21C6-44C9-81AD-41C9D11242C8}
		{E4DA68A6-CBAF-4743-B754-F1E61028692E} = {7CAD429E-21C6-44C9-81AD-41C9D11242C8}
		{B21E2B82-17C3-44E6-B271-5203A65DD088} = {7CAD429E-21C6-44C9-81AD-41C9D11242C8}
	EndGlobalSection
	GlobalSection(ExtensibilityGlobals) = postSolution
		SolutionGuid = {0A567313-CAEC-4D2F-B1D4-0C38C0AC5EA3}
	EndGlobalSection
EndGlobal
