
Microsoft Visual Studio Solution File, Format Version 12.00
# Visual Studio Version 17
VisualStudioVersion = 17.8.34316.72
MinimumVisualStudioVersion = 10.0.40219.1
Project("{9A19103F-16F7-4668-BE54-9A1E7A4F7556}") = "TSR_WebUl", "TSR_Api\TSR_WebUl\TSR_WebUl.csproj", "{312EA10E-CE13-402B-AE5F-875AA284384A}"
EndProject
Project("{9A19103F-16F7-4668-BE54-9A1E7A4F7556}") = "Application", "TSR_Api\Application\Application.csproj", "{1B6AE234-8A86-4BB4-9E4F-6DAD4848EBE6}"
EndProject
Project("{9A19103F-16F7-4668-BE54-9A1E7A4F7556}") = "Infrastructure", "TSR_Api\Infrastructure\Infrastructure.csproj", "{13175164-B0B9-437A-AB4E-16EA754635A8}"
EndProject
Project("{9A19103F-16F7-4668-BE54-9A1E7A4F7556}") = "Domain", "TSR_Api\Domain\Domain.csproj", "{D0639934-D8F3-4073-959A-D3CC755E23B7}"
EndProject
Project("{9A19103F-16F7-4668-BE54-9A1E7A4F7556}") = "Application.Contracts", "TSR_Api\Application.Contracts\Application.Contracts.csproj", "{0CA700E2-DACA-492E-8DE5-92FA21EF5AA4}"
EndProject
Project("{9A19103F-16F7-4668-BE54-9A1E7A4F7556}") = "TSR_Client", "TSR_Client\TSR_Client.csproj", "{B7AEC4C1-32C1-448B-9658-E97D97C95F06}"
EndProject
Project("{2150E333-8FDC-42A3-9474-1A3956D46DE8}") = "Scr", "Scr", "{28D49EFE-8BB9-4594-A40A-22A8428931B8}"
EndProject
Project("{2150E333-8FDC-42A3-9474-1A3956D46DE8}") = "Tests", "Tests", "{5E740315-3BD4-4370-A1F4-AEFBF83C7254}"
EndProject
Project("{2150E333-8FDC-42A3-9474-1A3956D46DE8}") = "Solution Items", "Solution Items", "{3DF9358E-A678-4FFC-A4EF-826BA2065673}"
	ProjectSection(SolutionItems) = preProject
		..\.gitattributes = ..\.gitattributes
		..\.gitignore = ..\.gitignore
	EndProjectSection
EndProject
Project("{FAE04EC0-301F-11D3-BF4B-00C04F79EFBC}") = "Application.IntegrationTests", "..\Tests\TSR_Test\Application.IntegrationTests\Application.IntegrationTests.csproj", "{1C2E34C5-CD07-486C-8F7F-2D3203B33FD4}"
EndProject
Project("{FAE04EC0-301F-11D3-BF4B-00C04F79EFBC}") = "Application.UnitTests", "..\Tests\TSR_Test\Application.UnitTests\Application.UnitTests.csproj", "{2309F310-2A73-4086-A675-65D573659818}"
EndProject
Project("{FAE04EC0-301F-11D3-BF4B-00C04F79EFBC}") = "Domain.UnitTests", "..\Tests\TSR_Test\Domain.UnitTests\Domain.UnitTests.csproj", "{E33B5250-3DA8-4A6B-A93B-73C975719A12}"
EndProject
Global
	GlobalSection(SolutionConfigurationPlatforms) = preSolution
		Debug|Any CPU = Debug|Any CPU
		Release|Any CPU = Release|Any CPU
	EndGlobalSection
	GlobalSection(ProjectConfigurationPlatforms) = postSolution
		{312EA10E-CE13-402B-AE5F-875AA284384A}.Debug|Any CPU.ActiveCfg = Debug|Any CPU
		{312EA10E-CE13-402B-AE5F-875AA284384A}.Debug|Any CPU.Build.0 = Debug|Any CPU
		{312EA10E-CE13-402B-AE5F-875AA284384A}.Release|Any CPU.ActiveCfg = Release|Any CPU
		{312EA10E-CE13-402B-AE5F-875AA284384A}.Release|Any CPU.Build.0 = Release|Any CPU
		{1B6AE234-8A86-4BB4-9E4F-6DAD4848EBE6}.Debug|Any CPU.ActiveCfg = Debug|Any CPU
		{1B6AE234-8A86-4BB4-9E4F-6DAD4848EBE6}.Debug|Any CPU.Build.0 = Debug|Any CPU
		{1B6AE234-8A86-4BB4-9E4F-6DAD4848EBE6}.Release|Any CPU.ActiveCfg = Release|Any CPU
		{1B6AE234-8A86-4BB4-9E4F-6DAD4848EBE6}.Release|Any CPU.Build.0 = Release|Any CPU
		{13175164-B0B9-437A-AB4E-16EA754635A8}.Debug|Any CPU.ActiveCfg = Debug|Any CPU
		{13175164-B0B9-437A-AB4E-16EA754635A8}.Debug|Any CPU.Build.0 = Debug|Any CPU
		{13175164-B0B9-437A-AB4E-16EA754635A8}.Release|Any CPU.ActiveCfg = Release|Any CPU
		{13175164-B0B9-437A-AB4E-16EA754635A8}.Release|Any CPU.Build.0 = Release|Any CPU
		{D0639934-D8F3-4073-959A-D3CC755E23B7}.Debug|Any CPU.ActiveCfg = Debug|Any CPU
		{D0639934-D8F3-4073-959A-D3CC755E23B7}.Debug|Any CPU.Build.0 = Debug|Any CPU
		{D0639934-D8F3-4073-959A-D3CC755E23B7}.Release|Any CPU.ActiveCfg = Release|Any CPU
		{D0639934-D8F3-4073-959A-D3CC755E23B7}.Release|Any CPU.Build.0 = Release|Any CPU
		{0CA700E2-DACA-492E-8DE5-92FA21EF5AA4}.Debug|Any CPU.ActiveCfg = Debug|Any CPU
		{0CA700E2-DACA-492E-8DE5-92FA21EF5AA4}.Debug|Any CPU.Build.0 = Debug|Any CPU
		{0CA700E2-DACA-492E-8DE5-92FA21EF5AA4}.Release|Any CPU.ActiveCfg = Release|Any CPU
		{0CA700E2-DACA-492E-8DE5-92FA21EF5AA4}.Release|Any CPU.Build.0 = Release|Any CPU
		{B7AEC4C1-32C1-448B-9658-E97D97C95F06}.Debug|Any CPU.ActiveCfg = Debug|Any CPU
		{B7AEC4C1-32C1-448B-9658-E97D97C95F06}.Debug|Any CPU.Build.0 = Debug|Any CPU
		{B7AEC4C1-32C1-448B-9658-E97D97C95F06}.Release|Any CPU.ActiveCfg = Release|Any CPU
		{B7AEC4C1-32C1-448B-9658-E97D97C95F06}.Release|Any CPU.Build.0 = Release|Any CPU
		{1C2E34C5-CD07-486C-8F7F-2D3203B33FD4}.Debug|Any CPU.ActiveCfg = Debug|Any CPU
		{1C2E34C5-CD07-486C-8F7F-2D3203B33FD4}.Debug|Any CPU.Build.0 = Debug|Any CPU
		{1C2E34C5-CD07-486C-8F7F-2D3203B33FD4}.Release|Any CPU.ActiveCfg = Release|Any CPU
		{1C2E34C5-CD07-486C-8F7F-2D3203B33FD4}.Release|Any CPU.Build.0 = Release|Any CPU
		{2309F310-2A73-4086-A675-65D573659818}.Debug|Any CPU.ActiveCfg = Debug|Any CPU
		{2309F310-2A73-4086-A675-65D573659818}.Debug|Any CPU.Build.0 = Debug|Any CPU
		{2309F310-2A73-4086-A675-65D573659818}.Release|Any CPU.ActiveCfg = Release|Any CPU
		{2309F310-2A73-4086-A675-65D573659818}.Release|Any CPU.Build.0 = Release|Any CPU
		{E33B5250-3DA8-4A6B-A93B-73C975719A12}.Debug|Any CPU.ActiveCfg = Debug|Any CPU
		{E33B5250-3DA8-4A6B-A93B-73C975719A12}.Debug|Any CPU.Build.0 = Debug|Any CPU
		{E33B5250-3DA8-4A6B-A93B-73C975719A12}.Release|Any CPU.ActiveCfg = Release|Any CPU
		{E33B5250-3DA8-4A6B-A93B-73C975719A12}.Release|Any CPU.Build.0 = Release|Any CPU
	EndGlobalSection
	GlobalSection(SolutionProperties) = preSolution
		HideSolutionNode = FALSE
	EndGlobalSection
	GlobalSection(NestedProjects) = preSolution
		{312EA10E-CE13-402B-AE5F-875AA284384A} = {28D49EFE-8BB9-4594-A40A-22A8428931B8}
		{1B6AE234-8A86-4BB4-9E4F-6DAD4848EBE6} = {28D49EFE-8BB9-4594-A40A-22A8428931B8}
		{13175164-B0B9-437A-AB4E-16EA754635A8} = {28D49EFE-8BB9-4594-A40A-22A8428931B8}
		{D0639934-D8F3-4073-959A-D3CC755E23B7} = {28D49EFE-8BB9-4594-A40A-22A8428931B8}
		{0CA700E2-DACA-492E-8DE5-92FA21EF5AA4} = {28D49EFE-8BB9-4594-A40A-22A8428931B8}
		{B7AEC4C1-32C1-448B-9658-E97D97C95F06} = {28D49EFE-8BB9-4594-A40A-22A8428931B8}
		{1C2E34C5-CD07-486C-8F7F-2D3203B33FD4} = {5E740315-3BD4-4370-A1F4-AEFBF83C7254}
		{2309F310-2A73-4086-A675-65D573659818} = {5E740315-3BD4-4370-A1F4-AEFBF83C7254}
		{E33B5250-3DA8-4A6B-A93B-73C975719A12} = {5E740315-3BD4-4370-A1F4-AEFBF83C7254}
	EndGlobalSection
	GlobalSection(ExtensibilityGlobals) = postSolution
		SolutionGuid = {7102A5F3-2093-4BAD-97F9-BD95F7DEB5B8}
	EndGlobalSection
EndGlobal
